// !$*UTF8*$!
{
	archiveVersion = 1;
	classes = {
	};
	objectVersion = 46;
	objects = {

/* Begin PBXBuildFile section */
		840256A21DA60AB1009EDC93 /* API.swift in Sources */ = {isa = PBXBuildFile; fileRef = 840256A11DA60AB1009EDC93 /* API.swift */; };
		840256A51DA61421009EDC93 /* Model.xcdatamodeld in Sources */ = {isa = PBXBuildFile; fileRef = 840256A31DA61421009EDC93 /* Model.xcdatamodeld */; };
		840256AC1DA615EA009EDC93 /* Tv+CoreDataClass.swift in Sources */ = {isa = PBXBuildFile; fileRef = 840256A61DA615EA009EDC93 /* Tv+CoreDataClass.swift */; };
		840256AD1DA615EA009EDC93 /* Tv+CoreDataProperties.swift in Sources */ = {isa = PBXBuildFile; fileRef = 840256A71DA615EA009EDC93 /* Tv+CoreDataProperties.swift */; };
		840256AE1DA615EA009EDC93 /* Movie+CoreDataClass.swift in Sources */ = {isa = PBXBuildFile; fileRef = 840256A81DA615EA009EDC93 /* Movie+CoreDataClass.swift */; };
		840256AF1DA615EA009EDC93 /* Movie+CoreDataProperties.swift in Sources */ = {isa = PBXBuildFile; fileRef = 840256A91DA615EA009EDC93 /* Movie+CoreDataProperties.swift */; };
		840256B01DA615EA009EDC93 /* Person+CoreDataClass.swift in Sources */ = {isa = PBXBuildFile; fileRef = 840256AA1DA615EA009EDC93 /* Person+CoreDataClass.swift */; };
		840256B11DA615EA009EDC93 /* Person+CoreDataProperties.swift in Sources */ = {isa = PBXBuildFile; fileRef = 840256AB1DA615EA009EDC93 /* Person+CoreDataProperties.swift */; };
		840256B31DA61642009EDC93 /* CoreDataStackManager.swift in Sources */ = {isa = PBXBuildFile; fileRef = 840256B21DA61642009EDC93 /* CoreDataStackManager.swift */; };
		840256B71DA629E2009EDC93 /* PhotoCollectionViewCell.swift in Sources */ = {isa = PBXBuildFile; fileRef = 840256B61DA629E2009EDC93 /* PhotoCollectionViewCell.swift */; };
		841BCE5B1DA5EB6400967205 /* AppDelegate.swift in Sources */ = {isa = PBXBuildFile; fileRef = 841BCE5A1DA5EB6400967205 /* AppDelegate.swift */; };
		841BCE5D1DA5EB6400967205 /* ViewController.swift in Sources */ = {isa = PBXBuildFile; fileRef = 841BCE5C1DA5EB6400967205 /* ViewController.swift */; };
		841BCE601DA5EB6400967205 /* Main.storyboard in Resources */ = {isa = PBXBuildFile; fileRef = 841BCE5E1DA5EB6400967205 /* Main.storyboard */; };
		841BCE621DA5EB6400967205 /* Assets.xcassets in Resources */ = {isa = PBXBuildFile; fileRef = 841BCE611DA5EB6400967205 /* Assets.xcassets */; };
		841BCE651DA5EB6400967205 /* LaunchScreen.storyboard in Resources */ = {isa = PBXBuildFile; fileRef = 841BCE631DA5EB6400967205 /* LaunchScreen.storyboard */; };
		841BCE6D1DA5EF7900967205 /* MasterViewController.swift in Sources */ = {isa = PBXBuildFile; fileRef = 841BCE6C1DA5EF7900967205 /* MasterViewController.swift */; };
/* End PBXBuildFile section */

/* Begin PBXFileReference section */
		840256A11DA60AB1009EDC93 /* API.swift */ = {isa = PBXFileReference; fileEncoding = 4; lastKnownFileType = sourcecode.swift; path = API.swift; sourceTree = "<group>"; };
		840256A41DA61421009EDC93 /* Model.xcdatamodel */ = {isa = PBXFileReference; lastKnownFileType = wrapper.xcdatamodel; path = Model.xcdatamodel; sourceTree = "<group>"; };
		840256A61DA615EA009EDC93 /* Tv+CoreDataClass.swift */ = {isa = PBXFileReference; fileEncoding = 4; lastKnownFileType = sourcecode.swift; name = "Tv+CoreDataClass.swift"; path = "Frames Per Second/Model/Tv+CoreDataClass.swift"; sourceTree = "<group>"; };
		840256A71DA615EA009EDC93 /* Tv+CoreDataProperties.swift */ = {isa = PBXFileReference; fileEncoding = 4; lastKnownFileType = sourcecode.swift; name = "Tv+CoreDataProperties.swift"; path = "Frames Per Second/Model/Tv+CoreDataProperties.swift"; sourceTree = "<group>"; };
		840256A81DA615EA009EDC93 /* Movie+CoreDataClass.swift */ = {isa = PBXFileReference; fileEncoding = 4; lastKnownFileType = sourcecode.swift; name = "Movie+CoreDataClass.swift"; path = "Frames Per Second/Model/Movie+CoreDataClass.swift"; sourceTree = "<group>"; };
		840256A91DA615EA009EDC93 /* Movie+CoreDataProperties.swift */ = {isa = PBXFileReference; fileEncoding = 4; lastKnownFileType = sourcecode.swift; name = "Movie+CoreDataProperties.swift"; path = "Frames Per Second/Model/Movie+CoreDataProperties.swift"; sourceTree = "<group>"; };
		840256AA1DA615EA009EDC93 /* Person+CoreDataClass.swift */ = {isa = PBXFileReference; fileEncoding = 4; lastKnownFileType = sourcecode.swift; name = "Person+CoreDataClass.swift"; path = "Frames Per Second/Model/Person+CoreDataClass.swift"; sourceTree = "<group>"; };
		840256AB1DA615EA009EDC93 /* Person+CoreDataProperties.swift */ = {isa = PBXFileReference; fileEncoding = 4; lastKnownFileType = sourcecode.swift; name = "Person+CoreDataProperties.swift"; path = "Frames Per Second/Model/Person+CoreDataProperties.swift"; sourceTree = "<group>"; };
		840256B21DA61642009EDC93 /* CoreDataStackManager.swift */ = {isa = PBXFileReference; fileEncoding = 4; lastKnownFileType = sourcecode.swift; path = CoreDataStackManager.swift; sourceTree = "<group>"; };
		840256B61DA629E2009EDC93 /* PhotoCollectionViewCell.swift */ = {isa = PBXFileReference; fileEncoding = 4; lastKnownFileType = sourcecode.swift; path = PhotoCollectionViewCell.swift; sourceTree = "<group>"; };
		841BCE571DA5EB6400967205 /* Frames Per Second.app */ = {isa = PBXFileReference; explicitFileType = wrapper.application; includeInIndex = 0; path = "Frames Per Second.app"; sourceTree = BUILT_PRODUCTS_DIR; };
		841BCE5A1DA5EB6400967205 /* AppDelegate.swift */ = {isa = PBXFileReference; lastKnownFileType = sourcecode.swift; path = AppDelegate.swift; sourceTree = "<group>"; };
		841BCE5C1DA5EB6400967205 /* ViewController.swift */ = {isa = PBXFileReference; lastKnownFileType = sourcecode.swift; path = ViewController.swift; sourceTree = "<group>"; };
		841BCE5F1DA5EB6400967205 /* Base */ = {isa = PBXFileReference; lastKnownFileType = file.storyboard; name = Base; path = Base.lproj/Main.storyboard; sourceTree = "<group>"; };
		841BCE611DA5EB6400967205 /* Assets.xcassets */ = {isa = PBXFileReference; lastKnownFileType = folder.assetcatalog; path = Assets.xcassets; sourceTree = "<group>"; };
		841BCE641DA5EB6400967205 /* Base */ = {isa = PBXFileReference; lastKnownFileType = file.storyboard; name = Base; path = Base.lproj/LaunchScreen.storyboard; sourceTree = "<group>"; };
		841BCE661DA5EB6400967205 /* Info.plist */ = {isa = PBXFileReference; lastKnownFileType = text.plist.xml; path = Info.plist; sourceTree = "<group>"; };
		841BCE6C1DA5EF7900967205 /* MasterViewController.swift */ = {isa = PBXFileReference; fileEncoding = 4; lastKnownFileType = sourcecode.swift; path = MasterViewController.swift; sourceTree = "<group>"; };
/* End PBXFileReference section */

/* Begin PBXFrameworksBuildPhase section */
		841BCE541DA5EB6400967205 /* Frameworks */ = {
			isa = PBXFrameworksBuildPhase;
			buildActionMask = 2147483647;
			files = (
			);
			runOnlyForDeploymentPostprocessing = 0;
		};
/* End PBXFrameworksBuildPhase section */

/* Begin PBXGroup section */
		841BCE4E1DA5EB6400967205 = {
			isa = PBXGroup;
			children = (
				840256A61DA615EA009EDC93 /* Tv+CoreDataClass.swift */,
				840256A71DA615EA009EDC93 /* Tv+CoreDataProperties.swift */,
				840256A81DA615EA009EDC93 /* Movie+CoreDataClass.swift */,
				840256A91DA615EA009EDC93 /* Movie+CoreDataProperties.swift */,
				840256AA1DA615EA009EDC93 /* Person+CoreDataClass.swift */,
				840256AB1DA615EA009EDC93 /* Person+CoreDataProperties.swift */,
				841BCE591DA5EB6400967205 /* Frames Per Second */,
				841BCE581DA5EB6400967205 /* Products */,
			);
			sourceTree = "<group>";
		};
		841BCE581DA5EB6400967205 /* Products */ = {
			isa = PBXGroup;
			children = (
				841BCE571DA5EB6400967205 /* Frames Per Second.app */,
			);
			name = Products;
			sourceTree = "<group>";
		};
		841BCE591DA5EB6400967205 /* Frames Per Second */ = {
			isa = PBXGroup;
			children = (
				840256A11DA60AB1009EDC93 /* API.swift */,
				841BCE5A1DA5EB6400967205 /* AppDelegate.swift */,
				841BCE5C1DA5EB6400967205 /* ViewController.swift */,
				841BCE6C1DA5EF7900967205 /* MasterViewController.swift */,
				840256B21DA61642009EDC93 /* CoreDataStackManager.swift */,
				840256B61DA629E2009EDC93 /* PhotoCollectionViewCell.swift */,
				841BCE5E1DA5EB6400967205 /* Main.storyboard */,
				841BCE611DA5EB6400967205 /* Assets.xcassets */,
				841BCE631DA5EB6400967205 /* LaunchScreen.storyboard */,
				840256A31DA61421009EDC93 /* Model.xcdatamodeld */,
				841BCE661DA5EB6400967205 /* Info.plist */,
			);
			path = "Frames Per Second";
			sourceTree = "<group>";
		};
/* End PBXGroup section */

/* Begin PBXNativeTarget section */
		841BCE561DA5EB6400967205 /* Frames Per Second */ = {
			isa = PBXNativeTarget;
			buildConfigurationList = 841BCE691DA5EB6400967205 /* Build configuration list for PBXNativeTarget "Frames Per Second" */;
			buildPhases = (
				841BCE531DA5EB6400967205 /* Sources */,
				841BCE541DA5EB6400967205 /* Frameworks */,
				841BCE551DA5EB6400967205 /* Resources */,
			);
			buildRules = (
			);
			dependencies = (
			);
			name = "Frames Per Second";
			productName = "Frames Per Second";
			productReference = 841BCE571DA5EB6400967205 /* Frames Per Second.app */;
			productType = "com.apple.product-type.application";
		};
/* End PBXNativeTarget section */

/* Begin PBXProject section */
		841BCE4F1DA5EB6400967205 /* Project object */ = {
			isa = PBXProject;
			attributes = {
				LastSwiftUpdateCheck = 0800;
				LastUpgradeCheck = 0800;
				ORGANIZATIONNAME = "Aayush Kapoor";
				TargetAttributes = {
					841BCE561DA5EB6400967205 = {
						CreatedOnToolsVersion = 8.0;
						ProvisioningStyle = Automatic;
					};
				};
			};
			buildConfigurationList = 841BCE521DA5EB6400967205 /* Build configuration list for PBXProject "Frames Per Second" */;
			compatibilityVersion = "Xcode 3.2";
			developmentRegion = English;
			hasScannedForEncodings = 0;
			knownRegions = (
				en,
				Base,
			);
			mainGroup = 841BCE4E1DA5EB6400967205;
			productRefGroup = 841BCE581DA5EB6400967205 /* Products */;
			projectDirPath = "";
			projectRoot = "";
			targets = (
				841BCE561DA5EB6400967205 /* Frames Per Second */,
			);
		};
/* End PBXProject section */

/* Begin PBXResourcesBuildPhase section */
		841BCE551DA5EB6400967205 /* Resources */ = {
			isa = PBXResourcesBuildPhase;
			buildActionMask = 2147483647;
			files = (
				841BCE651DA5EB6400967205 /* LaunchScreen.storyboard in Resources */,
				841BCE621DA5EB6400967205 /* Assets.xcassets in Resources */,
				841BCE601DA5EB6400967205 /* Main.storyboard in Resources */,
			);
			runOnlyForDeploymentPostprocessing = 0;
		};
/* End PBXResourcesBuildPhase section */

/* Begin PBXSourcesBuildPhase section */
		841BCE531DA5EB6400967205 /* Sources */ = {
			isa = PBXSourcesBuildPhase;
			buildActionMask = 2147483647;
			files = (
				840256AE1DA615EA009EDC93 /* Movie+CoreDataClass.swift in Sources */,
				840256B71DA629E2009EDC93 /* PhotoCollectionViewCell.swift in Sources */,
				841BCE5D1DA5EB6400967205 /* ViewController.swift in Sources */,
				840256B01DA615EA009EDC93 /* Person+CoreDataClass.swift in Sources */,
				840256AC1DA615EA009EDC93 /* Tv+CoreDataClass.swift in Sources */,
				840256AD1DA615EA009EDC93 /* Tv+CoreDataProperties.swift in Sources */,
				840256B31DA61642009EDC93 /* CoreDataStackManager.swift in Sources */,
				840256AF1DA615EA009EDC93 /* Movie+CoreDataProperties.swift in Sources */,
				841BCE5B1DA5EB6400967205 /* AppDelegate.swift in Sources */,
				840256A51DA61421009EDC93 /* Model.xcdatamodeld in Sources */,
				840256A21DA60AB1009EDC93 /* API.swift in Sources */,
				841BCE6D1DA5EF7900967205 /* MasterViewController.swift in Sources */,
				840256B11DA615EA009EDC93 /* Person+CoreDataProperties.swift in Sources */,
			);
			runOnlyForDeploymentPostprocessing = 0;
		};
/* End PBXSourcesBuildPhase section */

/* Begin PBXVariantGroup section */
		841BCE5E1DA5EB6400967205 /* Main.storyboard */ = {
			isa = PBXVariantGroup;
			children = (
				841BCE5F1DA5EB6400967205 /* Base */,
			);
			name = Main.storyboard;
			sourceTree = "<group>";
		};
		841BCE631DA5EB6400967205 /* LaunchScreen.storyboard */ = {
			isa = PBXVariantGroup;
			children = (
				841BCE641DA5EB6400967205 /* Base */,
			);
			name = LaunchScreen.storyboard;
			sourceTree = "<group>";
		};
/* End PBXVariantGroup section */

/* Begin XCBuildConfiguration section */
		841BCE671DA5EB6400967205 /* Debug */ = {
			isa = XCBuildConfiguration;
			buildSettings = {
				ALWAYS_SEARCH_USER_PATHS = NO;
				CLANG_ANALYZER_NONNULL = YES;
				CLANG_CXX_LANGUAGE_STANDARD = "gnu++0x";
				CLANG_CXX_LIBRARY = "libc++";
				CLANG_ENABLE_MODULES = YES;
				CLANG_ENABLE_OBJC_ARC = YES;
				CLANG_WARN_BOOL_CONVERSION = YES;
				CLANG_WARN_CONSTANT_CONVERSION = YES;
				CLANG_WARN_DIRECT_OBJC_ISA_USAGE = YES_ERROR;
				CLANG_WARN_DOCUMENTATION_COMMENTS = YES;
				CLANG_WARN_EMPTY_BODY = YES;
				CLANG_WARN_ENUM_CONVERSION = YES;
				CLANG_WARN_INFINITE_RECURSION = YES;
				CLANG_WARN_INT_CONVERSION = YES;
				CLANG_WARN_OBJC_ROOT_CLASS = YES_ERROR;
				CLANG_WARN_SUSPICIOUS_MOVES = YES;
				CLANG_WARN_UNREACHABLE_CODE = YES;
				CLANG_WARN__DUPLICATE_METHOD_MATCH = YES;
				"CODE_SIGN_IDENTITY[sdk=iphoneos*]" = "iPhone Developer";
				COPY_PHASE_STRIP = NO;
				DEBUG_INFORMATION_FORMAT = dwarf;
				ENABLE_STRICT_OBJC_MSGSEND = YES;
				ENABLE_TESTABILITY = YES;
				GCC_C_LANGUAGE_STANDARD = gnu99;
				GCC_DYNAMIC_NO_PIC = NO;
				GCC_NO_COMMON_BLOCKS = YES;
				GCC_OPTIMIZATION_LEVEL = 0;
				GCC_PREPROCESSOR_DEFINITIONS = (
					"DEBUG=1",
					"$(inherited)",
				);
				GCC_WARN_64_TO_32_BIT_CONVERSION = YES;
				GCC_WARN_ABOUT_RETURN_TYPE = YES_ERROR;
				GCC_WARN_UNDECLARED_SELECTOR = YES;
				GCC_WARN_UNINITIALIZED_AUTOS = YES_AGGRESSIVE;
				GCC_WARN_UNUSED_FUNCTION = YES;
				GCC_WARN_UNUSED_VARIABLE = YES;
				IPHONEOS_DEPLOYMENT_TARGET = 10.0;
				MTL_ENABLE_DEBUG_INFO = YES;
				ONLY_ACTIVE_ARCH = YES;
				SDKROOT = iphoneos;
				SWIFT_ACTIVE_COMPILATION_CONDITIONS = DEBUG;
				SWIFT_OPTIMIZATION_LEVEL = "-Onone";
				TARGETED_DEVICE_FAMILY = "1,2";
			};
			name = Debug;
		};
		841BCE681DA5EB6400967205 /* Release */ = {
			isa = XCBuildConfiguration;
			buildSettings = {
				ALWAYS_SEARCH_USER_PATHS = NO;
				CLANG_ANALYZER_NONNULL = YES;
				CLANG_CXX_LANGUAGE_STANDARD = "gnu++0x";
				CLANG_CXX_LIBRARY = "libc++";
				CLANG_ENABLE_MODULES = YES;
				CLANG_ENABLE_OBJC_ARC = YES;
				CLANG_WARN_BOOL_CONVERSION = YES;
				CLANG_WARN_CONSTANT_CONVERSION = YES;
				CLANG_WARN_DIRECT_OBJC_ISA_USAGE = YES_ERROR;
				CLANG_WARN_DOCUMENTATION_COMMENTS = YES;
				CLANG_WARN_EMPTY_BODY = YES;
				CLANG_WARN_ENUM_CONVERSION = YES;
				CLANG_WARN_INFINITE_RECURSION = YES;
				CLANG_WARN_INT_CONVERSION = YES;
				CLANG_WARN_OBJC_ROOT_CLASS = YES_ERROR;
				CLANG_WARN_SUSPICIOUS_MOVES = YES;
				CLANG_WARN_UNREACHABLE_CODE = YES;
				CLANG_WARN__DUPLICATE_METHOD_MATCH = YES;
				"CODE_SIGN_IDENTITY[sdk=iphoneos*]" = "iPhone Developer";
				COPY_PHASE_STRIP = NO;
				DEBUG_INFORMATION_FORMAT = "dwarf-with-dsym";
				ENABLE_NS_ASSERTIONS = NO;
				ENABLE_STRICT_OBJC_MSGSEND = YES;
				GCC_C_LANGUAGE_STANDARD = gnu99;
				GCC_NO_COMMON_BLOCKS = YES;
				GCC_WARN_64_TO_32_BIT_CONVERSION = YES;
				GCC_WARN_ABOUT_RETURN_TYPE = YES_ERROR;
				GCC_WARN_UNDECLARED_SELECTOR = YES;
				GCC_WARN_UNINITIALIZED_AUTOS = YES_AGGRESSIVE;
				GCC_WARN_UNUSED_FUNCTION = YES;
				GCC_WARN_UNUSED_VARIABLE = YES;
				IPHONEOS_DEPLOYMENT_TARGET = 10.0;
				MTL_ENABLE_DEBUG_INFO = NO;
				SDKROOT = iphoneos;
				SWIFT_OPTIMIZATION_LEVEL = "-Owholemodule";
				TARGETED_DEVICE_FAMILY = "1,2";
				VALIDATE_PRODUCT = YES;
			};
			name = Release;
		};
		841BCE6A1DA5EB6400967205 /* Debug */ = {
			isa = XCBuildConfiguration;
			buildSettings = {
				ASSETCATALOG_COMPILER_APPICON_NAME = AppIcon;
				INFOPLIST_FILE = "Frames Per Second/Info.plist";
				LD_RUNPATH_SEARCH_PATHS = "$(inherited) @executable_path/Frameworks";
				PRODUCT_BUNDLE_IDENTIFIER = "com.xeoneux.Frames-Per-Second";
				PRODUCT_NAME = "$(TARGET_NAME)";
				SWIFT_VERSION = 3.0;
			};
			name = Debug;
		};
		841BCE6B1DA5EB6400967205 /* Release */ = {
			isa = XCBuildConfiguration;
			buildSettings = {
				ASSETCATALOG_COMPILER_APPICON_NAME = AppIcon;
				INFOPLIST_FILE = "Frames Per Second/Info.plist";
				LD_RUNPATH_SEARCH_PATHS = "$(inherited) @executable_path/Frameworks";
				PRODUCT_BUNDLE_IDENTIFIER = "com.xeoneux.Frames-Per-Second";
				PRODUCT_NAME = "$(TARGET_NAME)";
				SWIFT_VERSION = 3.0;
			};
			name = Release;
		};
/* End XCBuildConfiguration section */

/* Begin XCConfigurationList section */
		841BCE521DA5EB6400967205 /* Build configuration list for PBXProject "Frames Per Second" */ = {
			isa = XCConfigurationList;
			buildConfigurations = (
				841BCE671DA5EB6400967205 /* Debug */,
				841BCE681DA5EB6400967205 /* Release */,
			);
			defaultConfigurationIsVisible = 0;
			defaultConfigurationName = Release;
		};
		841BCE691DA5EB6400967205 /* Build configuration list for PBXNativeTarget "Frames Per Second" */ = {
			isa = XCConfigurationList;
			buildConfigurations = (
				841BCE6A1DA5EB6400967205 /* Debug */,
				841BCE6B1DA5EB6400967205 /* Release */,
			);
			defaultConfigurationIsVisible = 0;
			defaultConfigurationName = Release;
		};
/* End XCConfigurationList section */

/* Begin XCVersionGroup section */
		840256A31DA61421009EDC93 /* Model.xcdatamodeld */ = {
			isa = XCVersionGroup;
			children = (
				840256A41DA61421009EDC93 /* Model.xcdatamodel */,
			);
			currentVersion = 840256A41DA61421009EDC93 /* Model.xcdatamodel */;
			path = Model.xcdatamodeld;
			sourceTree = "<group>";
			versionGroupType = wrapper.xcdatamodel;
		};
/* End XCVersionGroup section */
	};
	rootObject = 841BCE4F1DA5EB6400967205 /* Project object */;
}
